
Microsoft Visual Studio Solution File, Format Version 12.00
# Visual Studio Version 17
VisualStudioVersion = 17.8.34322.80
MinimumVisualStudioVersion = 10.0.40219.1
Project("{9A19103F-16F7-4668-BE54-9A1E7A4F7556}") = "TillApp", "TillApp\TillApp.csproj", "{BAD65D0D-A4E6-46D6-83D3-227BEE3B2F59}"
EndProject
Project("{9A19103F-16F7-4668-BE54-9A1E7A4F7556}") = "TillApp.Server", "TillApp.Server\TillApp.Server.csproj", "{8F7BDAD6-4591-4D59-A951-F72F7819657C}"
EndProject
Project("{9A19103F-16F7-4668-BE54-9A1E7A4F7556}") = "TillApp.Client.WebAssembly", "TillApp.Client.WebAssembly\TillApp.Client.WebAssembly.csproj", "{BB7E2DDB-B04A-486E-8E7E-2CA225FA5C67}"
EndProject
Project("{9A19103F-16F7-4668-BE54-9A1E7A4F7556}") = "TillApp.Shared", "TillApp.Shared\TillApp.Shared.csproj", "{E41E9244-9264-412D-8E61-6A873E3AC979}"
EndProject
Project("{FAE04EC0-301F-11D3-BF4B-00C04F79EFBC}") = "TillApp.Client.Native", "TillApp.Client.Native\TillApp.Client.Native.csproj", "{F3E3E761-C191-4802-B7AB-10A0FF062B2E}"
EndProject
Project("{FAE04EC0-301F-11D3-BF4B-00C04F79EFBC}") = "TillApp.Client.Shared", "TillApp.Client.Shared\TillApp.Client.Shared.csproj", "{E4BAD43F-31B6-4503-B150-9DC0E4D254CE}"
EndProject
Global
	GlobalSection(SolutionConfigurationPlatforms) = preSolution
		Debug|Any CPU = Debug|Any CPU
		Release|Any CPU = Release|Any CPU
	EndGlobalSection
	GlobalSection(ProjectConfigurationPlatforms) = postSolution
		{BAD65D0D-A4E6-46D6-83D3-227BEE3B2F59}.Debug|Any CPU.ActiveCfg = Debug|Any CPU
		{BAD65D0D-A4E6-46D6-83D3-227BEE3B2F59}.Debug|Any CPU.Build.0 = Debug|Any CPU
		{BAD65D0D-A4E6-46D6-83D3-227BEE3B2F59}.Release|Any CPU.ActiveCfg = Release|Any CPU
		{BAD65D0D-A4E6-46D6-83D3-227BEE3B2F59}.Release|Any CPU.Build.0 = Release|Any CPU
		{8F7BDAD6-4591-4D59-A951-F72F7819657C}.Debug|Any CPU.ActiveCfg = Debug|Any CPU
		{8F7BDAD6-4591-4D59-A951-F72F7819657C}.Debug|Any CPU.Build.0 = Debug|Any CPU
		{8F7BDAD6-4591-4D59-A951-F72F7819657C}.Release|Any CPU.ActiveCfg = Release|Any CPU
		{8F7BDAD6-4591-4D59-A951-F72F7819657C}.Release|Any CPU.Build.0 = Release|Any CPU
		{BB7E2DDB-B04A-486E-8E7E-2CA225FA5C67}.Debug|Any CPU.ActiveCfg = Debug|Any CPU
		{BB7E2DDB-B04A-486E-8E7E-2CA225FA5C67}.Debug|Any CPU.Build.0 = Debug|Any CPU
		{BB7E2DDB-B04A-486E-8E7E-2CA225FA5C67}.Release|Any CPU.ActiveCfg = Release|Any CPU
		{BB7E2DDB-B04A-486E-8E7E-2CA225FA5C67}.Release|Any CPU.Build.0 = Release|Any CPU
		{E41E9244-9264-412D-8E61-6A873E3AC979}.Debug|Any CPU.ActiveCfg = Debug|Any CPU
		{E41E9244-9264-412D-8E61-6A873E3AC979}.Debug|Any CPU.Build.0 = Debug|Any CPU
		{E41E9244-9264-412D-8E61-6A873E3AC979}.Release|Any CPU.ActiveCfg = Release|Any CPU
		{E41E9244-9264-412D-8E61-6A873E3AC979}.Release|Any CPU.Build.0 = Release|Any CPU
		{F3E3E761-C191-4802-B7AB-10A0FF062B2E}.Debug|Any CPU.ActiveCfg = Debug|Any CPU
		{F3E3E761-C191-4802-B7AB-10A0FF062B2E}.Debug|Any CPU.Build.0 = Debug|Any CPU
		{F3E3E761-C191-4802-B7AB-10A0FF062B2E}.Debug|Any CPU.Deploy.0 = Debug|Any CPU
		{F3E3E761-C191-4802-B7AB-10A0FF062B2E}.Release|Any CPU.ActiveCfg = Release|Any CPU
		{F3E3E761-C191-4802-B7AB-10A0FF062B2E}.Release|Any CPU.Build.0 = Release|Any CPU
		{F3E3E761-C191-4802-B7AB-10A0FF062B2E}.Release|Any CPU.Deploy.0 = Release|Any CPU
		{E4BAD43F-31B6-4503-B150-9DC0E4D254CE}.Debug|Any CPU.ActiveCfg = Debug|Any CPU
		{E4BAD43F-31B6-4503-B150-9DC0E4D254CE}.Debug|Any CPU.Build.0 = Debug|Any CPU
		{E4BAD43F-31B6-4503-B150-9DC0E4D254CE}.Release|Any CPU.ActiveCfg = Release|Any CPU
		{E4BAD43F-31B6-4503-B150-9DC0E4D254CE}.Release|Any CPU.Build.0 = Release|Any CPU
	EndGlobalSection
	GlobalSection(SolutionProperties) = preSolution
		HideSolutionNode = FALSE
	EndGlobalSection
	GlobalSection(ExtensibilityGlobals) = postSolution
		SolutionGuid = {13DF4A46-0B89-4058-ABDC-0061F935972F}
	EndGlobalSection
EndGlobal
