
Microsoft Visual Studio Solution File, Format Version 12.00
# Visual Studio Version 17
VisualStudioVersion = 17.8.34322.80
MinimumVisualStudioVersion = 10.0.40219.1
Project("{FAE04EC0-301F-11D3-BF4B-00C04F79EFBC}") = "TillApp", "TillApp\TillApp.csproj", "{BAD65D0D-A4E6-46D6-83D3-227BEE3B2F59}"
EndProject
Global
	GlobalSection(SolutionConfigurationPlatforms) = preSolution
		Debug|Any CPU = Debug|Any CPU
		Release|Any CPU = Release|Any CPU
	EndGlobalSection
	GlobalSection(ProjectConfigurationPlatforms) = postSolution
		{BAD65D0D-A4E6-46D6-83D3-227BEE3B2F59}.Debug|Any CPU.ActiveCfg = Debug|Any CPU
		{BAD65D0D-A4E6-46D6-83D3-227BEE3B2F59}.Debug|Any CPU.Build.0 = Debug|Any CPU
		{BAD65D0D-A4E6-46D6-83D3-227BEE3B2F59}.Release|Any CPU.ActiveCfg = Release|Any CPU
		{BAD65D0D-A4E6-46D6-83D3-227BEE3B2F59}.Release|Any CPU.Build.0 = Release|Any CPU
	EndGlobalSection
	GlobalSection(SolutionProperties) = preSolution
		HideSolutionNode = FALSE
	EndGlobalSection
	GlobalSection(ExtensibilityGlobals) = postSolution
		SolutionGuid = {13DF4A46-0B89-4058-ABDC-0061F935972F}
	EndGlobalSection
EndGlobal
